{
  "name": "json-validation",
  "lockfileVersion": 2,
  "requires": true,
  "packages": {
    "": {
      "dependencies": {
        "pajv": "^1.2.0"
      }
    },
    "node_modules/adler-32": {
      "version": "1.2.0",
      "license": "Apache-2.0",
      "dependencies": {
        "exit-on-epipe": "~1.0.1",
        "printj": "~1.1.0"
      },
      "bin": {
        "adler32": "bin/adler32.njs"
      },
      "engines": {
        "node": ">=0.8"
      }
    },
    "node_modules/ajv": {
      "version": "5.5.2",
      "license": "MIT",
      "dependencies": {
        "co": "^4.6.0",
        "fast-deep-equal": "^1.0.0",
        "fast-json-stable-stringify": "^2.0.0",
        "json-schema-traverse": "^0.3.0"
      }
    },
    "node_modules/any-json": {
      "version": "3.1.0",
      "license": "MIT",
      "dependencies": {
        "cson": "^4.1.0",
        "dashdash": "^1.14.1",
        "fast-csv": "^2.4.0",
        "format-unicorn": "^1.1.0",
        "hjson": "^2.4.1",
        "ini": "^1.3.4",
        "js-yaml": "^3.7.0",
        "json5": "^0.5.1",
        "strip-json-comments": "^2.0.1",
        "toml-j0.4": "^1.0.10",
        "tomlify-j0.4": "^2.1.1",
        "typescript": "^2.4.2",
        "util.promisify": "^1.0.0",
        "xlsjs": "^0.7.5",
        "xlsx": "^0.11.3",
        "xml2js": "0.4.17"
      },
      "bin": {
        "any-json": "out/lib/run.js"
      }
    },
    "node_modules/argparse": {
      "version": "1.0.10",
      "license": "MIT",
      "dependencies": {
        "sprintf-js": "~1.0.2"
      }
    },
    "node_modules/arguments-extended": {
      "version": "0.0.3",
      "license": "MIT",
      "dependencies": {
        "extended": "~0.0.3",
        "is-extended": "~0.0.8"
      }
    },
    "node_modules/array-extended": {
      "version": "0.0.11",
      "license": "MIT",
      "dependencies": {
        "arguments-extended": "~0.0.3",
        "extended": "~0.0.3",
        "is-extended": "~0.0.3"
      }
    },
    "node_modules/array.prototype.reduce": {
      "version": "1.0.5",
      "license": "MIT",
      "dependencies": {
        "call-bind": "^1.0.2",
        "define-properties": "^1.1.4",
        "es-abstract": "^1.20.4",
        "es-array-method-boxes-properly": "^1.0.0",
        "is-string": "^1.0.7"
      },
      "engines": {
        "node": ">= 0.4"
      },
      "funding": {
        "url": "https://github.com/sponsors/ljharb"
      }
    },
    "node_modules/assert-plus": {
      "version": "1.0.0",
      "license": "MIT",
      "engines": {
        "node": ">=0.8"
      }
    },
    "node_modules/balanced-match": {
      "version": "1.0.2",
      "license": "MIT"
    },
    "node_modules/bindings": {
      "version": "1.5.0",
      "license": "MIT",
      "dependencies": {
        "file-uri-to-path": "1.0.0"
      }
    },
    "node_modules/brace-expansion": {
      "version": "1.1.11",
      "license": "MIT",
      "dependencies": {
        "balanced-match": "^1.0.0",
        "concat-map": "0.0.1"
      }
    },
    "node_modules/call-bind": {
      "version": "1.0.2",
      "license": "MIT",
      "dependencies": {
        "function-bind": "^1.1.1",
        "get-intrinsic": "^1.0.2"
      },
      "funding": {
        "url": "https://github.com/sponsors/ljharb"
      }
    },
    "node_modules/cfb": {
      "version": "0.11.1",
      "license": "Apache-2.0",
      "dependencies": {
        "commander": ""
      },
      "bin": {
        "cfb": "bin/cfb.njs"
      },
      "engines": {
        "node": ">=0.8"
      }
    },
    "node_modules/co": {
      "version": "4.6.0",
      "license": "MIT",
      "engines": {
        "iojs": ">= 1.0.0",
        "node": ">= 0.12.0"
      }
    },
    "node_modules/codepage": {
      "version": "1.15.0",
      "license": "Apache-2.0",
      "engines": {
        "node": ">=0.8"
      }
    },
    "node_modules/coffee-script": {
      "version": "1.12.7",
      "license": "MIT",
      "bin": {
        "cake": "bin/cake",
        "coffee": "bin/coffee"
      },
      "engines": {
        "node": ">=0.8.0"
      }
    },
    "node_modules/colors": {
      "version": "0.6.2",
      "engines": {
        "node": ">=0.1.90"
      }
    },
    "node_modules/commander": {
      "version": "9.4.1",
      "license": "MIT",
      "engines": {
        "node": "^12.20.0 || >=14"
      }
    },
    "node_modules/concat-map": {
      "version": "0.0.1",
      "license": "MIT"
    },
    "node_modules/crc-32": {
      "version": "1.2.2",
      "license": "Apache-2.0",
      "bin": {
        "crc32": "bin/crc32.njs"
      },
      "engines": {
        "node": ">=0.8"
      }
    },
    "node_modules/cson": {
      "version": "4.1.0",
      "license": "MIT",
      "dependencies": {
        "coffee-script": "^1.12.4",
        "cson-parser": "^1.3.4",
        "extract-opts": "^3.3.1",
        "requirefresh": "^2.1.0",
        "safefs": "^4.1.0"
      },
      "bin": {
        "cson2json": "bin/cson2json",
        "json2cson": "bin/json2cson"
      },
      "engines": {
        "node": ">=0.8"
      }
    },
    "node_modules/cson-parser": {
      "version": "1.3.5",
      "license": "BSD-3-Clause",
      "dependencies": {
        "coffee-script": "^1.10.0"
      }
    },
    "node_modules/dashdash": {
      "version": "1.14.1",
      "license": "MIT",
      "dependencies": {
        "assert-plus": "^1.0.0"
      },
      "engines": {
        "node": ">=0.10"
      }
    },
    "node_modules/date-extended": {
      "version": "0.0.6",
      "license": "MIT",
      "dependencies": {
        "array-extended": "~0.0.3",
        "extended": "~0.0.3",
        "is-extended": "~0.0.3"
      }
    },
    "node_modules/deasync": {
      "version": "0.1.28",
      "hasInstallScript": true,
      "license": "MIT",
      "dependencies": {
        "bindings": "^1.5.0",
        "node-addon-api": "^1.7.1"
      },
      "engines": {
        "node": ">=0.11.0"
      }
    },
    "node_modules/deasync-promise": {
      "version": "1.0.1",
      "license": "ISC",
      "dependencies": {
        "deasync": "^0.1.7"
      }
    },
    "node_modules/declare.js": {
      "version": "0.0.8",
      "license": "MIT"
    },
    "node_modules/define-properties": {
      "version": "1.1.4",
      "license": "MIT",
      "dependencies": {
        "has-property-descriptors": "^1.0.0",
        "object-keys": "^1.1.1"
      },
      "engines": {
        "node": ">= 0.4"
      },
      "funding": {
        "url": "https://github.com/sponsors/ljharb"
      }
    },
    "node_modules/eachr": {
      "version": "3.3.0",
      "license": "MIT",
      "dependencies": {
        "editions": "^2.2.0",
        "typechecker": "^4.9.0"
      },
      "engines": {
        "node": ">=0.10"
      },
      "funding": {
        "url": "https://bevry.me/fund"
      }
    },
    "node_modules/editions": {
      "version": "2.3.1",
      "license": "MIT",
      "dependencies": {
        "errlop": "^2.0.0",
        "semver": "^6.3.0"
      },
      "engines": {
        "node": ">=0.8"
      },
      "funding": {
        "url": "https://bevry.me/fund"
      }
    },
    "node_modules/errlop": {
      "version": "2.2.0",
      "license": "MIT",
      "engines": {
        "node": ">=0.8"
      },
      "funding": {
        "url": "https://bevry.me/fund"
      }
    },
    "node_modules/es-abstract": {
      "version": "1.20.4",
      "license": "MIT",
      "dependencies": {
        "call-bind": "^1.0.2",
        "es-to-primitive": "^1.2.1",
        "function-bind": "^1.1.1",
        "function.prototype.name": "^1.1.5",
        "get-intrinsic": "^1.1.3",
        "get-symbol-description": "^1.0.0",
        "has": "^1.0.3",
        "has-property-descriptors": "^1.0.0",
        "has-symbols": "^1.0.3",
        "internal-slot": "^1.0.3",
        "is-callable": "^1.2.7",
        "is-negative-zero": "^2.0.2",
        "is-regex": "^1.1.4",
        "is-shared-array-buffer": "^1.0.2",
        "is-string": "^1.0.7",
        "is-weakref": "^1.0.2",
        "object-inspect": "^1.12.2",
        "object-keys": "^1.1.1",
        "object.assign": "^4.1.4",
        "regexp.prototype.flags": "^1.4.3",
        "safe-regex-test": "^1.0.0",
        "string.prototype.trimend": "^1.0.5",
        "string.prototype.trimstart": "^1.0.5",
        "unbox-primitive": "^1.0.2"
      },
      "engines": {
        "node": ">= 0.4"
      },
      "funding": {
        "url": "https://github.com/sponsors/ljharb"
      }
    },
    "node_modules/es-array-method-boxes-properly": {
      "version": "1.0.0",
      "license": "MIT"
    },
    "node_modules/es-to-primitive": {
      "version": "1.2.1",
      "license": "MIT",
      "dependencies": {
        "is-callable": "^1.1.4",
        "is-date-object": "^1.0.1",
        "is-symbol": "^1.0.2"
      },
      "engines": {
        "node": ">= 0.4"
      },
      "funding": {
        "url": "https://github.com/sponsors/ljharb"
      }
    },
    "node_modules/esprima": {
      "version": "4.0.1",
      "license": "BSD-2-Clause",
      "bin": {
        "esparse": "bin/esparse.js",
        "esvalidate": "bin/esvalidate.js"
      },
      "engines": {
        "node": ">=4"
      }
    },
    "node_modules/exit-on-epipe": {
      "version": "1.0.1",
      "license": "Apache-2.0",
      "engines": {
        "node": ">=0.8"
      }
    },
    "node_modules/extended": {
      "version": "0.0.6",
      "license": "MIT",
      "dependencies": {
        "extender": "~0.0.5"
      }
    },
    "node_modules/extender": {
      "version": "0.0.10",
      "license": "MIT",
      "dependencies": {
        "declare.js": "~0.0.4"
      }
    },
    "node_modules/extract-opts": {
      "version": "3.4.0",
      "license": "MIT",
      "dependencies": {
        "eachr": "^3.2.0",
        "editions": "^2.2.0",
        "typechecker": "^4.9.0"
      },
      "engines": {
        "node": ">=0.10"
      },
      "funding": {
        "url": "https://bevry.me/fund"
      }
    },
    "node_modules/fast-csv": {
      "version": "2.5.0",
      "license": "MIT",
      "dependencies": {
        "extended": "0.0.6",
        "is-extended": "0.0.10",
        "object-extended": "0.0.7",
        "safer-buffer": "^2.1.2",
        "string-extended": "0.0.8"
      },
      "engines": {
        "node": ">=4.0.0"
      }
    },
    "node_modules/fast-deep-equal": {
      "version": "1.1.0",
      "license": "MIT"
    },
    "node_modules/fast-json-patch": {
      "version": "0.5.7",
      "engines": {
        "node": ">= 0.4.0"
      }
    },
    "node_modules/fast-json-stable-stringify": {
      "version": "2.1.0",
      "license": "MIT"
    },
    "node_modules/file-uri-to-path": {
      "version": "1.0.0",
      "license": "MIT"
    },
    "node_modules/for-each": {
      "version": "0.3.3",
      "license": "MIT",
      "dependencies": {
        "is-callable": "^1.1.3"
      }
    },
    "node_modules/format-unicorn": {
      "version": "1.1.1",
      "license": "Fair"
    },
    "node_modules/frac": {
      "version": "0.3.1",
      "engines": {
        "node": ">=0.8"
      }
    },
    "node_modules/fs.realpath": {
      "version": "1.0.0",
      "license": "ISC"
    },
    "node_modules/function-bind": {
      "version": "1.1.1",
      "license": "MIT"
    },
    "node_modules/function.prototype.name": {
      "version": "1.1.5",
      "license": "MIT",
      "dependencies": {
        "call-bind": "^1.0.2",
        "define-properties": "^1.1.3",
        "es-abstract": "^1.19.0",
        "functions-have-names": "^1.2.2"
      },
      "engines": {
        "node": ">= 0.4"
      },
      "funding": {
        "url": "https://github.com/sponsors/ljharb"
      }
    },
    "node_modules/functions-have-names": {
      "version": "1.2.3",
      "license": "MIT",
      "funding": {
        "url": "https://github.com/sponsors/ljharb"
      }
    },
    "node_modules/get-intrinsic": {
      "version": "1.1.3",
      "license": "MIT",
      "dependencies": {
        "function-bind": "^1.1.1",
        "has": "^1.0.3",
        "has-symbols": "^1.0.3"
      },
      "funding": {
        "url": "https://github.com/sponsors/ljharb"
      }
    },
    "node_modules/get-symbol-description": {
      "version": "1.0.0",
      "license": "MIT",
      "dependencies": {
        "call-bind": "^1.0.2",
        "get-intrinsic": "^1.1.1"
      },
      "engines": {
        "node": ">= 0.4"
      },
      "funding": {
        "url": "https://github.com/sponsors/ljharb"
      }
    },
    "node_modules/glob": {
      "version": "7.2.3",
      "license": "ISC",
      "dependencies": {
        "fs.realpath": "^1.0.0",
        "inflight": "^1.0.4",
        "inherits": "2",
        "minimatch": "^3.1.1",
        "once": "^1.3.0",
        "path-is-absolute": "^1.0.0"
      },
      "engines": {
        "node": "*"
      },
      "funding": {
        "url": "https://github.com/sponsors/isaacs"
      }
    },
    "node_modules/graceful-fs": {
      "version": "4.2.10",
      "license": "ISC"
    },
    "node_modules/has": {
      "version": "1.0.3",
      "license": "MIT",
      "dependencies": {
        "function-bind": "^1.1.1"
      },
      "engines": {
        "node": ">= 0.4.0"
      }
    },
    "node_modules/has-bigints": {
      "version": "1.0.2",
      "license": "MIT",
      "funding": {
        "url": "https://github.com/sponsors/ljharb"
      }
    },
    "node_modules/has-property-descriptors": {
      "version": "1.0.0",
      "license": "MIT",
      "dependencies": {
        "get-intrinsic": "^1.1.1"
      },
      "funding": {
        "url": "https://github.com/sponsors/ljharb"
      }
    },
    "node_modules/has-symbols": {
      "version": "1.0.3",
      "license": "MIT",
      "engines": {
        "node": ">= 0.4"
      },
      "funding": {
        "url": "https://github.com/sponsors/ljharb"
      }
    },
    "node_modules/has-tostringtag": {
      "version": "1.0.0",
      "license": "MIT",
      "dependencies": {
        "has-symbols": "^1.0.2"
      },
      "engines": {
        "node": ">= 0.4"
      },
      "funding": {
        "url": "https://github.com/sponsors/ljharb"
      }
    },
    "node_modules/hjson": {
      "version": "2.4.3",
      "license": "MIT",
      "bin": {
        "hjson": "bin/hjson"
      }
    },
    "node_modules/inflight": {
      "version": "1.0.6",
      "license": "ISC",
      "dependencies": {
        "once": "^1.3.0",
        "wrappy": "1"
      }
    },
    "node_modules/inherits": {
      "version": "2.0.4",
      "license": "ISC"
    },
    "node_modules/ini": {
      "version": "1.3.8",
      "license": "ISC"
    },
    "node_modules/internal-slot": {
      "version": "1.0.3",
      "license": "MIT",
      "dependencies": {
        "get-intrinsic": "^1.1.0",
        "has": "^1.0.3",
        "side-channel": "^1.0.4"
      },
      "engines": {
        "node": ">= 0.4"
      }
    },
    "node_modules/is-bigint": {
      "version": "1.0.4",
      "license": "MIT",
      "dependencies": {
        "has-bigints": "^1.0.1"
      },
      "funding": {
        "url": "https://github.com/sponsors/ljharb"
      }
    },
    "node_modules/is-boolean-object": {
      "version": "1.1.2",
      "license": "MIT",
      "dependencies": {
        "call-bind": "^1.0.2",
        "has-tostringtag": "^1.0.0"
      },
      "engines": {
        "node": ">= 0.4"
      },
      "funding": {
        "url": "https://github.com/sponsors/ljharb"
      }
    },
    "node_modules/is-callable": {
      "version": "1.2.7",
      "license": "MIT",
      "engines": {
        "node": ">= 0.4"
      },
      "funding": {
        "url": "https://github.com/sponsors/ljharb"
      }
    },
    "node_modules/is-date-object": {
      "version": "1.0.5",
      "license": "MIT",
      "dependencies": {
        "has-tostringtag": "^1.0.0"
      },
      "engines": {
        "node": ">= 0.4"
      },
      "funding": {
        "url": "https://github.com/sponsors/ljharb"
      }
    },
    "node_modules/is-extended": {
      "version": "0.0.10",
      "license": "MIT",
      "dependencies": {
        "extended": "~0.0.3"
      }
    },
    "node_modules/is-negative-zero": {
      "version": "2.0.2",
      "license": "MIT",
      "engines": {
        "node": ">= 0.4"
      },
      "funding": {
        "url": "https://github.com/sponsors/ljharb"
      }
    },
    "node_modules/is-number-object": {
      "version": "1.0.7",
      "license": "MIT",
      "dependencies": {
        "has-tostringtag": "^1.0.0"
      },
      "engines": {
        "node": ">= 0.4"
      },
      "funding": {
        "url": "https://github.com/sponsors/ljharb"
      }
    },
    "node_modules/is-regex": {
      "version": "1.1.4",
      "license": "MIT",
      "dependencies": {
        "call-bind": "^1.0.2",
        "has-tostringtag": "^1.0.0"
      },
      "engines": {
        "node": ">= 0.4"
      },
      "funding": {
        "url": "https://github.com/sponsors/ljharb"
      }
    },
    "node_modules/is-shared-array-buffer": {
      "version": "1.0.2",
      "license": "MIT",
      "dependencies": {
        "call-bind": "^1.0.2"
      },
      "funding": {
        "url": "https://github.com/sponsors/ljharb"
      }
    },
    "node_modules/is-string": {
      "version": "1.0.7",
      "license": "MIT",
      "dependencies": {
        "has-tostringtag": "^1.0.0"
      },
      "engines": {
        "node": ">= 0.4"
      },
      "funding": {
        "url": "https://github.com/sponsors/ljharb"
      }
    },
    "node_modules/is-symbol": {
      "version": "1.0.4",
      "license": "MIT",
      "dependencies": {
        "has-symbols": "^1.0.2"
      },
      "engines": {
        "node": ">= 0.4"
      },
      "funding": {
        "url": "https://github.com/sponsors/ljharb"
      }
    },
    "node_modules/is-weakref": {
      "version": "1.0.2",
      "license": "MIT",
      "dependencies": {
        "call-bind": "^1.0.2"
      },
      "funding": {
        "url": "https://github.com/sponsors/ljharb"
      }
    },
    "node_modules/js-yaml": {
      "version": "3.14.1",
      "license": "MIT",
      "dependencies": {
        "argparse": "^1.0.7",
        "esprima": "^4.0.0"
      },
      "bin": {
        "js-yaml": "bin/js-yaml.js"
      }
    },
    "node_modules/json-schema-traverse": {
      "version": "0.3.1",
      "license": "MIT"
    },
    "node_modules/json5": {
      "version": "0.5.1",
      "license": "MIT",
      "bin": {
        "json5": "lib/cli.js"
      }
    },
    "node_modules/lodash": {
      "version": "4.17.21",
      "license": "MIT"
    },
    "node_modules/minimatch": {
      "version": "3.1.2",
      "license": "ISC",
      "dependencies": {
        "brace-expansion": "^1.1.7"
      },
      "engines": {
        "node": "*"
      }
    },
    "node_modules/minimist": {
      "version": "1.2.7",
      "license": "MIT",
      "funding": {
        "url": "https://github.com/sponsors/ljharb"
      }
    },
    "node_modules/node-addon-api": {
      "version": "1.7.2",
      "license": "MIT"
    },
    "node_modules/object-extended": {
      "version": "0.0.7",
      "license": "MIT",
      "dependencies": {
        "array-extended": "~0.0.4",
        "extended": "~0.0.3",
        "is-extended": "~0.0.3"
      }
    },
    "node_modules/object-inspect": {
      "version": "1.12.2",
      "license": "MIT",
      "funding": {
        "url": "https://github.com/sponsors/ljharb"
      }
    },
    "node_modules/object-keys": {
      "version": "1.1.1",
      "license": "MIT",
      "engines": {
        "node": ">= 0.4"
      }
    },
    "node_modules/object.assign": {
      "version": "4.1.4",
      "license": "MIT",
      "dependencies": {
        "call-bind": "^1.0.2",
        "define-properties": "^1.1.4",
        "has-symbols": "^1.0.3",
        "object-keys": "^1.1.1"
      },
      "engines": {
        "node": ">= 0.4"
      },
      "funding": {
        "url": "https://github.com/sponsors/ljharb"
      }
    },
    "node_modules/object.getownpropertydescriptors": {
      "version": "2.1.5",
      "license": "MIT",
      "dependencies": {
        "array.prototype.reduce": "^1.0.5",
        "call-bind": "^1.0.2",
        "define-properties": "^1.1.4",
        "es-abstract": "^1.20.4"
      },
      "engines": {
        "node": ">= 0.8"
      },
      "funding": {
        "url": "https://github.com/sponsors/ljharb"
      }
    },
    "node_modules/once": {
      "version": "1.4.0",
      "license": "ISC",
      "dependencies": {
        "wrappy": "1"
      }
    },
    "node_modules/pajv": {
      "version": "1.2.0",
      "license": "MIT",
      "dependencies": {
        "ajv": "^5.0.0",
        "any-json": "^3.0.0",
        "deasync": "^0.1.10",
        "deasync-promise": "^1.0.1",
        "fast-json-patch": "^0.5.6",
        "glob": "^7.0.3",
        "minimist": "^1.2.0",
        "util.promisify": "^1.0.0"
      },
      "bin": {
        "pajv": "index.js"
      }
    },
    "node_modules/path-is-absolute": {
      "version": "1.0.1",
      "license": "MIT",
      "engines": {
        "node": ">=0.10.0"
      }
    },
    "node_modules/printj": {
      "version": "1.1.2",
      "license": "Apache-2.0",
      "bin": {
        "printj": "bin/printj.njs"
      },
      "engines": {
        "node": ">=0.8"
      }
    },
    "node_modules/regexp.prototype.flags": {
      "version": "1.4.3",
      "license": "MIT",
      "dependencies": {
        "call-bind": "^1.0.2",
        "define-properties": "^1.1.3",
        "functions-have-names": "^1.2.2"
      },
      "engines": {
        "node": ">= 0.4"
      },
      "funding": {
        "url": "https://github.com/sponsors/ljharb"
      }
    },
    "node_modules/requirefresh": {
      "version": "2.3.0",
      "license": "MIT",
      "dependencies": {
        "editions": "^2.2.0"
      },
      "engines": {
        "node": ">=0.12"
      },
      "funding": {
        "url": "https://bevry.me/fund"
      }
    },
    "node_modules/safe-regex-test": {
      "version": "1.0.0",
      "license": "MIT",
      "dependencies": {
        "call-bind": "^1.0.2",
        "get-intrinsic": "^1.1.3",
        "is-regex": "^1.1.4"
      },
      "funding": {
        "url": "https://github.com/sponsors/ljharb"
      }
    },
    "node_modules/safefs": {
      "version": "4.2.0",
      "license": "MIT",
      "dependencies": {
        "editions": "^2.2.0",
        "graceful-fs": "^4.2.3"
      },
      "engines": {
        "node": ">=0.12"
      },
      "funding": {
        "type": "cooperative",
        "url": "https://bevry.me/fund"
      }
    },
    "node_modules/safer-buffer": {
      "version": "2.1.2",
      "license": "MIT"
    },
    "node_modules/sax": {
      "version": "1.2.4",
      "license": "ISC"
    },
    "node_modules/semver": {
      "version": "6.3.0",
      "license": "ISC",
      "bin": {
        "semver": "bin/semver.js"
      }
    },
    "node_modules/side-channel": {
      "version": "1.0.4",
      "license": "MIT",
      "dependencies": {
        "call-bind": "^1.0.0",
        "get-intrinsic": "^1.0.2",
        "object-inspect": "^1.9.0"
      },
      "funding": {
        "url": "https://github.com/sponsors/ljharb"
      }
    },
    "node_modules/sprintf-js": {
      "version": "1.0.3",
      "license": "BSD-3-Clause"
    },
    "node_modules/ssf": {
      "version": "0.10.3",
      "license": "Apache-2.0",
      "dependencies": {
        "frac": "~1.1.2"
      },
      "bin": {
        "ssf": "bin/ssf.njs"
      },
      "engines": {
        "node": ">=0.8"
      }
    },
    "node_modules/ssf/node_modules/frac": {
      "version": "1.1.2",
      "license": "Apache-2.0",
      "engines": {
        "node": ">=0.8"
      }
    },
    "node_modules/string-extended": {
      "version": "0.0.8",
      "license": "MIT",
      "dependencies": {
        "array-extended": "~0.0.5",
        "date-extended": "~0.0.3",
        "extended": "~0.0.3",
        "is-extended": "~0.0.3"
      }
    },
    "node_modules/string.prototype.trimend": {
      "version": "1.0.6",
      "license": "MIT",
      "dependencies": {
        "call-bind": "^1.0.2",
        "define-properties": "^1.1.4",
        "es-abstract": "^1.20.4"
      },
      "funding": {
        "url": "https://github.com/sponsors/ljharb"
      }
    },
    "node_modules/string.prototype.trimstart": {
      "version": "1.0.6",
      "license": "MIT",
      "dependencies": {
        "call-bind": "^1.0.2",
        "define-properties": "^1.1.4",
        "es-abstract": "^1.20.4"
      },
      "funding": {
        "url": "https://github.com/sponsors/ljharb"
      }
    },
    "node_modules/strip-json-comments": {
      "version": "2.0.1",
      "license": "MIT",
      "engines": {
        "node": ">=0.10.0"
      }
    },
    "node_modules/toml-j0.4": {
      "version": "1.1.1"
    },
    "node_modules/tomlify-j0.4": {
      "version": "2.2.1",
      "license": "MIT"
    },
    "node_modules/typechecker": {
      "version": "4.11.0",
      "license": "MIT",
      "dependencies": {
        "editions": "^2.2.0"
      },
      "engines": {
        "node": ">=0.8"
      },
      "funding": {
        "url": "https://bevry.me/fund"
      }
    },
    "node_modules/typescript": {
      "version": "2.9.2",
      "license": "Apache-2.0",
      "bin": {
        "tsc": "bin/tsc",
        "tsserver": "bin/tsserver"
      },
      "engines": {
        "node": ">=4.2.0"
      }
    },
    "node_modules/unbox-primitive": {
      "version": "1.0.2",
      "license": "MIT",
      "dependencies": {
        "call-bind": "^1.0.2",
        "has-bigints": "^1.0.2",
        "has-symbols": "^1.0.3",
        "which-boxed-primitive": "^1.0.2"
      },
      "funding": {
        "url": "https://github.com/sponsors/ljharb"
      }
    },
    "node_modules/util.promisify": {
      "version": "1.1.1",
      "license": "MIT",
      "dependencies": {
        "call-bind": "^1.0.0",
        "define-properties": "^1.1.3",
        "for-each": "^0.3.3",
        "has-symbols": "^1.0.1",
        "object.getownpropertydescriptors": "^2.1.1"
      },
      "funding": {
        "url": "https://github.com/sponsors/ljharb"
      }
    },
    "node_modules/voc": {
      "version": "1.2.0",
      "license": "Apache-2.0",
      "bin": {
        "voc": "voc.njs"
      },
      "engines": {
        "node": ">=0.8"
      }
    },
    "node_modules/which-boxed-primitive": {
      "version": "1.0.2",
      "license": "MIT",
      "dependencies": {
        "is-bigint": "^1.0.1",
        "is-boolean-object": "^1.1.0",
        "is-number-object": "^1.0.4",
        "is-string": "^1.0.5",
        "is-symbol": "^1.0.3"
      },
      "funding": {
        "url": "https://github.com/sponsors/ljharb"
      }
    },
    "node_modules/wrappy": {
      "version": "1.0.2",
      "license": "ISC"
    },
    "node_modules/xlsjs": {
      "version": "0.7.6",
      "license": "Apache-2.0",
      "dependencies": {
        "cfb": "~0.11.0",
        "codepage": "",
        "commander": "",
        "exit-on-epipe": "",
        "ssf": "~0.8.1"
      },
      "bin": {
        "xls": "bin/xls.njs"
      },
      "engines": {
        "node": ">=0.8"
      }
    },
    "node_modules/xlsjs/node_modules/ssf": {
      "version": "0.8.2",
      "license": "Apache-2.0",
      "dependencies": {
        "colors": "0.6.2",
        "frac": "0.3.1",
        "voc": ""
      },
      "bin": {
        "ssf": "bin/ssf.njs"
      },
      "engines": {
        "node": ">=0.8"
      }
    },
    "node_modules/xlsx": {
      "version": "0.11.19",
      "license": "Apache-2.0",
      "dependencies": {
        "adler-32": "~1.2.0",
        "cfb": "~1.0.2",
        "codepage": "~1.12.0",
        "commander": "~2.13.0",
        "crc-32": "~1.2.0",
        "exit-on-epipe": "~1.0.1",
        "ssf": "~0.10.1"
      },
      "bin": {
        "xlsx": "bin/xlsx.njs"
      },
      "engines": {
        "node": ">=0.8"
      }
    },
    "node_modules/xlsx/node_modules/cfb": {
      "version": "1.0.8",
      "license": "Apache-2.0",
      "dependencies": {
        "commander": "^2.14.1",
        "printj": "~1.1.2"
      },
      "bin": {
        "cfb": "bin/cfb.njs"
      },
      "engines": {
        "node": ">=0.8"
      }
    },
    "node_modules/xlsx/node_modules/cfb/node_modules/commander": {
      "version": "2.20.3",
      "license": "MIT"
    },
    "node_modules/xlsx/node_modules/codepage": {
      "version": "1.12.2",
      "license": "Apache-2.0",
      "dependencies": {
        "commander": "~2.14.1",
        "exit-on-epipe": "~1.0.1"
      },
      "bin": {
        "codepage": "bin/codepage.njs"
      },
      "engines": {
        "node": ">=0.8"
      }
    },
    "node_modules/xlsx/node_modules/codepage/node_modules/commander": {
      "version": "2.14.1",
      "license": "MIT"
    },
    "node_modules/xlsx/node_modules/commander": {
      "version": "2.13.0",
      "license": "MIT"
    },
    "node_modules/xml2js": {
      "version": "0.4.17",
      "license": "MIT",
      "dependencies": {
        "sax": ">=0.6.0",
        "xmlbuilder": "^4.1.0"
      }
    },
    "node_modules/xmlbuilder": {
      "version": "4.2.1",
      "license": "MIT",
      "dependencies": {
        "lodash": "^4.0.0"
      },
      "engines": {
        "node": ">=0.8.0"
      }
    }
  },
  "dependencies": {
    "adler-32": {
      "version": "1.2.0",
      "requires": {
        "exit-on-epipe": "~1.0.1",
        "printj": "~1.1.0"
      }
    },
    "ajv": {
      "version": "5.5.2",
      "requires": {
        "co": "^4.6.0",
        "fast-deep-equal": "^1.0.0",
        "fast-json-stable-stringify": "^2.0.0",
        "json-schema-traverse": "^0.3.0"
      }
    },
    "any-json": {
      "version": "3.1.0",
      "requires": {
        "cson": "^4.1.0",
        "dashdash": "^1.14.1",
        "fast-csv": "^2.4.0",
        "format-unicorn": "^1.1.0",
        "hjson": "^2.4.1",
        "ini": "^1.3.4",
        "js-yaml": "^3.7.0",
        "json5": "^0.5.1",
        "strip-json-comments": "^2.0.1",
        "toml-j0.4": "^1.0.10",
        "tomlify-j0.4": "^2.1.1",
        "typescript": "^2.4.2",
        "util.promisify": "^1.0.0",
        "xlsjs": "^0.7.5",
        "xlsx": "^0.11.3",
        "xml2js": "0.4.17"
      }
    },
    "argparse": {
      "version": "1.0.10",
      "requires": {
        "sprintf-js": "~1.0.2"
      }
    },
    "arguments-extended": {
      "version": "0.0.3",
      "requires": {
        "extended": "~0.0.3",
        "is-extended": "~0.0.8"
      }
    },
    "array-extended": {
      "version": "0.0.11",
      "requires": {
        "arguments-extended": "~0.0.3",
        "extended": "~0.0.3",
        "is-extended": "~0.0.3"
      }
    },
    "array.prototype.reduce": {
      "version": "1.0.5",
      "requires": {
        "call-bind": "^1.0.2",
        "define-properties": "^1.1.4",
        "es-abstract": "^1.20.4",
        "es-array-method-boxes-properly": "^1.0.0",
        "is-string": "^1.0.7"
      }
    },
    "assert-plus": {
      "version": "1.0.0"
    },
    "balanced-match": {
      "version": "1.0.2"
    },
    "bindings": {
      "version": "1.5.0",
      "requires": {
        "file-uri-to-path": "1.0.0"
      }
    },
    "brace-expansion": {
      "version": "1.1.11",
      "requires": {
        "balanced-match": "^1.0.0",
        "concat-map": "0.0.1"
      }
    },
    "call-bind": {
      "version": "1.0.2",
      "requires": {
        "function-bind": "^1.1.1",
        "get-intrinsic": "^1.0.2"
      }
    },
    "cfb": {
      "version": "0.11.1",
      "requires": {
        "commander": ""
      }
    },
    "co": {
      "version": "4.6.0"
    },
    "codepage": {
      "version": "1.15.0"
    },
    "coffee-script": {
      "version": "1.12.7"
    },
    "colors": {
      "version": "0.6.2"
    },
    "commander": {
      "version": "9.4.1"
    },
    "concat-map": {
      "version": "0.0.1"
    },
    "crc-32": {
      "version": "1.2.2"
    },
    "cson": {
      "version": "4.1.0",
      "requires": {
        "coffee-script": "^1.12.4",
        "cson-parser": "^1.3.4",
        "extract-opts": "^3.3.1",
        "requirefresh": "^2.1.0",
        "safefs": "^4.1.0"
      }
    },
    "cson-parser": {
      "version": "1.3.5",
      "requires": {
        "coffee-script": "^1.10.0"
      }
    },
    "dashdash": {
      "version": "1.14.1",
      "requires": {
        "assert-plus": "^1.0.0"
      }
    },
    "date-extended": {
      "version": "0.0.6",
      "requires": {
        "array-extended": "~0.0.3",
        "extended": "~0.0.3",
        "is-extended": "~0.0.3"
      }
    },
    "deasync": {
      "version": "0.1.28",
      "requires": {
        "bindings": "^1.5.0",
        "node-addon-api": "^1.7.1"
      }
    },
    "deasync-promise": {
      "version": "1.0.1",
      "requires": {
        "deasync": "^0.1.7"
      }
    },
    "declare.js": {
      "version": "0.0.8"
    },
    "define-properties": {
      "version": "1.1.4",
      "requires": {
        "has-property-descriptors": "^1.0.0",
        "object-keys": "^1.1.1"
      }
    },
    "eachr": {
      "version": "3.3.0",
      "requires": {
        "editions": "^2.2.0",
        "typechecker": "^4.9.0"
      }
    },
    "editions": {
      "version": "2.3.1",
      "requires": {
        "errlop": "^2.0.0",
        "semver": "^6.3.0"
      }
    },
    "errlop": {
      "version": "2.2.0"
    },
    "es-abstract": {
      "version": "1.20.4",
      "requires": {
        "call-bind": "^1.0.2",
        "es-to-primitive": "^1.2.1",
        "function-bind": "^1.1.1",
        "function.prototype.name": "^1.1.5",
        "get-intrinsic": "^1.1.3",
        "get-symbol-description": "^1.0.0",
        "has": "^1.0.3",
        "has-property-descriptors": "^1.0.0",
        "has-symbols": "^1.0.3",
        "internal-slot": "^1.0.3",
        "is-callable": "^1.2.7",
        "is-negative-zero": "^2.0.2",
        "is-regex": "^1.1.4",
        "is-shared-array-buffer": "^1.0.2",
        "is-string": "^1.0.7",
        "is-weakref": "^1.0.2",
        "object-inspect": "^1.12.2",
        "object-keys": "^1.1.1",
        "object.assign": "^4.1.4",
        "regexp.prototype.flags": "^1.4.3",
        "safe-regex-test": "^1.0.0",
        "string.prototype.trimend": "^1.0.5",
        "string.prototype.trimstart": "^1.0.5",
        "unbox-primitive": "^1.0.2"
      }
    },
    "es-array-method-boxes-properly": {
      "version": "1.0.0"
    },
    "es-to-primitive": {
      "version": "1.2.1",
      "requires": {
        "is-callable": "^1.1.4",
        "is-date-object": "^1.0.1",
        "is-symbol": "^1.0.2"
      }
    },
    "esprima": {
      "version": "4.0.1"
    },
    "exit-on-epipe": {
      "version": "1.0.1"
    },
    "extended": {
      "version": "0.0.6",
      "requires": {
        "extender": "~0.0.5"
      }
    },
    "extender": {
      "version": "0.0.10",
      "requires": {
        "declare.js": "~0.0.4"
      }
    },
    "extract-opts": {
      "version": "3.4.0",
      "requires": {
        "eachr": "^3.2.0",
        "editions": "^2.2.0",
        "typechecker": "^4.9.0"
      }
    },
    "fast-csv": {
      "version": "2.5.0",
      "requires": {
        "extended": "0.0.6",
        "is-extended": "0.0.10",
        "object-extended": "0.0.7",
        "safer-buffer": "^2.1.2",
        "string-extended": "0.0.8"
      }
    },
    "fast-deep-equal": {
      "version": "1.1.0"
    },
    "fast-json-patch": {
      "version": "0.5.7"
    },
    "fast-json-stable-stringify": {
      "version": "2.1.0"
    },
    "file-uri-to-path": {
      "version": "1.0.0"
    },
    "for-each": {
      "version": "0.3.3",
      "requires": {
        "is-callable": "^1.1.3"
      }
    },
    "format-unicorn": {
      "version": "1.1.1"
    },
    "frac": {
      "version": "0.3.1"
    },
    "fs.realpath": {
      "version": "1.0.0"
    },
    "function-bind": {
      "version": "1.1.1"
    },
    "function.prototype.name": {
      "version": "1.1.5",
      "requires": {
        "call-bind": "^1.0.2",
        "define-properties": "^1.1.3",
        "es-abstract": "^1.19.0",
        "functions-have-names": "^1.2.2"
      }
    },
    "functions-have-names": {
      "version": "1.2.3"
    },
    "get-intrinsic": {
      "version": "1.1.3",
      "requires": {
        "function-bind": "^1.1.1",
        "has": "^1.0.3",
        "has-symbols": "^1.0.3"
      }
    },
    "get-symbol-description": {
      "version": "1.0.0",
      "requires": {
        "call-bind": "^1.0.2",
        "get-intrinsic": "^1.1.1"
      }
    },
    "glob": {
      "version": "7.2.3",
      "requires": {
        "fs.realpath": "^1.0.0",
        "inflight": "^1.0.4",
        "inherits": "2",
        "minimatch": "^3.1.1",
        "once": "^1.3.0",
        "path-is-absolute": "^1.0.0"
      }
    },
    "graceful-fs": {
      "version": "4.2.10"
    },
    "has": {
      "version": "1.0.3",
      "requires": {
        "function-bind": "^1.1.1"
      }
    },
    "has-bigints": {
      "version": "1.0.2"
    },
    "has-property-descriptors": {
      "version": "1.0.0",
      "requires": {
        "get-intrinsic": "^1.1.1"
      }
    },
    "has-symbols": {
      "version": "1.0.3"
    },
    "has-tostringtag": {
      "version": "1.0.0",
      "requires": {
        "has-symbols": "^1.0.2"
      }
    },
    "hjson": {
      "version": "2.4.3"
    },
    "inflight": {
      "version": "1.0.6",
      "requires": {
        "once": "^1.3.0",
        "wrappy": "1"
      }
    },
    "inherits": {
      "version": "2.0.4"
    },
    "ini": {
      "version": "1.3.8"
    },
    "internal-slot": {
      "version": "1.0.3",
      "requires": {
        "get-intrinsic": "^1.1.0",
        "has": "^1.0.3",
        "side-channel": "^1.0.4"
      }
    },
    "is-bigint": {
      "version": "1.0.4",
      "requires": {
        "has-bigints": "^1.0.1"
      }
    },
    "is-boolean-object": {
      "version": "1.1.2",
      "requires": {
        "call-bind": "^1.0.2",
        "has-tostringtag": "^1.0.0"
      }
    },
    "is-callable": {
      "version": "1.2.7"
    },
    "is-date-object": {
      "version": "1.0.5",
      "requires": {
        "has-tostringtag": "^1.0.0"
      }
    },
    "is-extended": {
      "version": "0.0.10",
      "requires": {
        "extended": "~0.0.3"
      }
    },
    "is-negative-zero": {
      "version": "2.0.2"
    },
    "is-number-object": {
      "version": "1.0.7",
      "requires": {
        "has-tostringtag": "^1.0.0"
      }
    },
    "is-regex": {
      "version": "1.1.4",
      "requires": {
        "call-bind": "^1.0.2",
        "has-tostringtag": "^1.0.0"
      }
    },
    "is-shared-array-buffer": {
      "version": "1.0.2",
      "requires": {
        "call-bind": "^1.0.2"
      }
    },
    "is-string": {
      "version": "1.0.7",
      "requires": {
        "has-tostringtag": "^1.0.0"
      }
    },
    "is-symbol": {
      "version": "1.0.4",
      "requires": {
        "has-symbols": "^1.0.2"
      }
    },
    "is-weakref": {
      "version": "1.0.2",
      "requires": {
        "call-bind": "^1.0.2"
      }
    },
    "js-yaml": {
      "version": "3.14.1",
      "requires": {
        "argparse": "^1.0.7",
        "esprima": "^4.0.0"
      }
    },
    "json-schema-traverse": {
      "version": "0.3.1"
    },
    "json5": {
      "version": "0.5.1"
    },
    "lodash": {
      "version": "4.17.21"
    },
    "minimatch": {
      "version": "3.1.2",
      "requires": {
        "brace-expansion": "^1.1.7"
      }
    },
    "minimist": {
      "version": "1.2.7"
    },
    "node-addon-api": {
      "version": "1.7.2"
    },
    "object-extended": {
      "version": "0.0.7",
      "requires": {
        "array-extended": "~0.0.4",
        "extended": "~0.0.3",
        "is-extended": "~0.0.3"
      }
    },
    "object-inspect": {
      "version": "1.12.2"
    },
    "object-keys": {
      "version": "1.1.1"
    },
    "object.assign": {
      "version": "4.1.4",
      "requires": {
        "call-bind": "^1.0.2",
        "define-properties": "^1.1.4",
        "has-symbols": "^1.0.3",
        "object-keys": "^1.1.1"
      }
    },
    "object.getownpropertydescriptors": {
      "version": "2.1.5",
      "requires": {
        "array.prototype.reduce": "^1.0.5",
        "call-bind": "^1.0.2",
        "define-properties": "^1.1.4",
        "es-abstract": "^1.20.4"
      }
    },
    "once": {
      "version": "1.4.0",
      "requires": {
        "wrappy": "1"
      }
    },
    "pajv": {
      "version": "1.2.0",
      "requires": {
        "ajv": "^5.0.0",
        "any-json": "^3.0.0",
        "deasync": "^0.1.10",
        "deasync-promise": "^1.0.1",
        "fast-json-patch": "^0.5.6",
        "glob": "^7.0.3",
        "minimist": "^1.2.0",
        "util.promisify": "^1.0.0"
      }
    },
    "path-is-absolute": {
      "version": "1.0.1"
    },
    "printj": {
      "version": "1.1.2"
    },
    "regexp.prototype.flags": {
      "version": "1.4.3",
      "requires": {
        "call-bind": "^1.0.2",
        "define-properties": "^1.1.3",
        "functions-have-names": "^1.2.2"
      }
    },
    "requirefresh": {
      "version": "2.3.0",
      "requires": {
        "editions": "^2.2.0"
      }
    },
    "safe-regex-test": {
      "version": "1.0.0",
      "requires": {
        "call-bind": "^1.0.2",
        "get-intrinsic": "^1.1.3",
        "is-regex": "^1.1.4"
      }
    },
    "safefs": {
      "version": "4.2.0",
      "requires": {
        "editions": "^2.2.0",
        "graceful-fs": "^4.2.3"
      }
    },
    "safer-buffer": {
      "version": "2.1.2"
    },
    "sax": {
      "version": "1.2.4"
    },
    "semver": {
      "version": "6.3.0"
    },
    "side-channel": {
      "version": "1.0.4",
      "requires": {
        "call-bind": "^1.0.0",
        "get-intrinsic": "^1.0.2",
        "object-inspect": "^1.9.0"
      }
    },
    "sprintf-js": {
      "version": "1.0.3"
    },
    "ssf": {
      "version": "0.10.3",
      "requires": {
        "frac": "~1.1.2"
      },
      "dependencies": {
        "frac": {
          "version": "1.1.2"
        }
      }
    },
    "string-extended": {
      "version": "0.0.8",
      "requires": {
        "array-extended": "~0.0.5",
        "date-extended": "~0.0.3",
        "extended": "~0.0.3",
        "is-extended": "~0.0.3"
      }
    },
    "string.prototype.trimend": {
      "version": "1.0.6",
      "requires": {
        "call-bind": "^1.0.2",
        "define-properties": "^1.1.4",
        "es-abstract": "^1.20.4"
      }
    },
    "string.prototype.trimstart": {
      "version": "1.0.6",
      "requires": {
        "call-bind": "^1.0.2",
        "define-properties": "^1.1.4",
        "es-abstract": "^1.20.4"
      }
    },
    "strip-json-comments": {
      "version": "2.0.1"
    },
    "toml-j0.4": {
      "version": "1.1.1"
    },
    "tomlify-j0.4": {
      "version": "2.2.1"
    },
    "typechecker": {
      "version": "4.11.0",
      "requires": {
        "editions": "^2.2.0"
      }
    },
    "typescript": {
      "version": "2.9.2"
    },
    "unbox-primitive": {
      "version": "1.0.2",
      "requires": {
        "call-bind": "^1.0.2",
        "has-bigints": "^1.0.2",
        "has-symbols": "^1.0.3",
        "which-boxed-primitive": "^1.0.2"
      }
    },
    "util.promisify": {
      "version": "1.1.1",
      "requires": {
        "call-bind": "^1.0.0",
        "define-properties": "^1.1.3",
        "for-each": "^0.3.3",
        "has-symbols": "^1.0.1",
        "object.getownpropertydescriptors": "^2.1.1"
      }
    },
    "voc": {
      "version": "1.2.0"
    },
    "which-boxed-primitive": {
      "version": "1.0.2",
      "requires": {
        "is-bigint": "^1.0.1",
        "is-boolean-object": "^1.1.0",
        "is-number-object": "^1.0.4",
        "is-string": "^1.0.5",
        "is-symbol": "^1.0.3"
      }
    },
    "wrappy": {
      "version": "1.0.2"
    },
    "xlsjs": {
      "version": "0.7.6",
      "requires": {
        "cfb": "~0.11.0",
        "codepage": "",
        "commander": "",
        "exit-on-epipe": "",
        "ssf": "~0.8.1"
      },
      "dependencies": {
        "ssf": {
          "version": "0.8.2",
          "requires": {
            "colors": "0.6.2",
            "frac": "0.3.1",
            "voc": ""
          }
        }
      }
    },
    "xlsx": {
      "version": "0.11.19",
      "requires": {
        "adler-32": "~1.2.0",
        "cfb": "~1.0.2",
        "codepage": "~1.12.0",
        "commander": "~2.13.0",
        "crc-32": "~1.2.0",
        "exit-on-epipe": "~1.0.1",
        "ssf": "~0.10.1"
      },
      "dependencies": {
        "cfb": {
          "version": "1.0.8",
          "requires": {
            "commander": "^2.14.1",
            "printj": "~1.1.2"
          },
          "dependencies": {
            "commander": {
              "version": "2.20.3"
            }
          }
        },
        "codepage": {
          "version": "1.12.2",
          "requires": {
            "commander": "~2.14.1",
            "exit-on-epipe": "~1.0.1"
          },
          "dependencies": {
            "commander": {
              "version": "2.14.1"
            }
          }
        },
        "commander": {
          "version": "2.13.0"
        }
      }
    },
    "xml2js": {
      "version": "0.4.17",
      "requires": {
        "sax": ">=0.6.0",
        "xmlbuilder": "^4.1.0"
      }
    },
    "xmlbuilder": {
      "version": "4.2.1",
      "requires": {
        "lodash": "^4.0.0"
      }
    }
  }
}
